
Microsoft Visual Studio Solution File, Format Version 12.00
# Visual Studio 15
Project("{FAE04EC0-301F-11D3-BF4B-00C04F79EFBC}") = "Assembly-CSharp", "Assembly-CSharp.csproj", "{5CBFC254-A91E-5C36-856A-6E120F311791}"
EndProject
Project("{FAE04EC0-301F-11D3-BF4B-00C04F79EFBC}") = "Google.Play.Review", "Google.Play.Review.csproj", "{60C2F84E-422F-3D42-F1A8-4812C7A301AD}"
EndProject
Project("{FAE04EC0-301F-11D3-BF4B-00C04F79EFBC}") = "UIEffect", "UIEffect.csproj", "{74A08C07-20FE-E0F4-1FD0-A9871CF1499B}"
EndProject
Project("{FAE04EC0-301F-11D3-BF4B-00C04F79EFBC}") = "UnityUIExtensions.examples", "UnityUIExtensions.examples.csproj", "{092305B3-BBDD-8EDE-8B98-4544F4806A42}"
EndProject
Project("{FAE04EC0-301F-11D3-BF4B-00C04F79EFBC}") = "Google.Play.Common", "Google.Play.Common.csproj", "{23EFEA9D-57A4-B8A9-CCB1-60E3A6A13AE7}"
EndProject
Project("{FAE04EC0-301F-11D3-BF4B-00C04F79EFBC}") = "Assembly-CSharp-firstpass", "Assembly-CSharp-firstpass.csproj", "{CFFE2F66-D202-4C56-B63E-2C351830AF4F}"
EndProject
Project("{FAE04EC0-301F-11D3-BF4B-00C04F79EFBC}") = "Google.Play.Core", "Google.Play.Core.csproj", "{DF19908C-6B3E-64C3-67AC-91EA39DE9131}"
EndProject
Project("{FAE04EC0-301F-11D3-BF4B-00C04F79EFBC}") = "NativeGallery.Runtime", "NativeGallery.Runtime.csproj", "{ACDEF5FC-CE28-E981-FEE5-AEBAD546AB95}"
EndProject
Project("{FAE04EC0-301F-11D3-BF4B-00C04F79EFBC}") = "Google.Android.AppBundle.Editor", "Google.Android.AppBundle.Editor.csproj", "{9FCEABCF-E425-62F0-948D-DE6A19740360}"
EndProject
Project("{FAE04EC0-301F-11D3-BF4B-00C04F79EFBC}") = "Assembly-CSharp-Editor", "Assembly-CSharp-Editor.csproj", "{E6393831-98C1-187E-8EF9-1A328B5EFF07}"
EndProject
Project("{FAE04EC0-301F-11D3-BF4B-00C04F79EFBC}") = "UIEffect-Editor", "UIEffect-Editor.csproj", "{5D94A297-203E-4FD3-14F9-52D318941E0C}"
EndProject
Project("{FAE04EC0-301F-11D3-BF4B-00C04F79EFBC}") = "GoogleMobileAds.Editor", "GoogleMobileAds.Editor.csproj", "{A81A0139-DB92-2F74-EFDB-72A0C57FDB64}"
EndProject
Project("{FAE04EC0-301F-11D3-BF4B-00C04F79EFBC}") = "NativeGallery.Editor", "NativeGallery.Editor.csproj", "{07082B40-FE89-7CAC-8153-E9226C3B1DD7}"
EndProject
Global
	GlobalSection(SolutionConfigurationPlatforms) = preSolution
		Debug|Any CPU = Debug|Any CPU
		Release|Any CPU = Release|Any CPU
	EndGlobalSection
	GlobalSection(ProjectConfigurationPlatforms) = postSolution
		{5CBFC254-A91E-5C36-856A-6E120F311791}.Debug|Any CPU.ActiveCfg = Debug|Any CPU
		{5CBFC254-A91E-5C36-856A-6E120F311791}.Debug|Any CPU.Build.0 = Debug|Any CPU
		{5CBFC254-A91E-5C36-856A-6E120F311791}.Release|Any CPU.ActiveCfg = Release|Any CPU
		{5CBFC254-A91E-5C36-856A-6E120F311791}.Release|Any CPU.Build.0 = Release|Any CPU
		{60C2F84E-422F-3D42-F1A8-4812C7A301AD}.Debug|Any CPU.ActiveCfg = Debug|Any CPU
		{60C2F84E-422F-3D42-F1A8-4812C7A301AD}.Debug|Any CPU.Build.0 = Debug|Any CPU
		{60C2F84E-422F-3D42-F1A8-4812C7A301AD}.Release|Any CPU.ActiveCfg = Release|Any CPU
		{60C2F84E-422F-3D42-F1A8-4812C7A301AD}.Release|Any CPU.Build.0 = Release|Any CPU
		{74A08C07-20FE-E0F4-1FD0-A9871CF1499B}.Debug|Any CPU.ActiveCfg = Debug|Any CPU
		{74A08C07-20FE-E0F4-1FD0-A9871CF1499B}.Debug|Any CPU.Build.0 = Debug|Any CPU
		{74A08C07-20FE-E0F4-1FD0-A9871CF1499B}.Release|Any CPU.ActiveCfg = Release|Any CPU
		{74A08C07-20FE-E0F4-1FD0-A9871CF1499B}.Release|Any CPU.Build.0 = Release|Any CPU
		{092305B3-BBDD-8EDE-8B98-4544F4806A42}.Debug|Any CPU.ActiveCfg = Debug|Any CPU
		{092305B3-BBDD-8EDE-8B98-4544F4806A42}.Debug|Any CPU.Build.0 = Debug|Any CPU
		{092305B3-BBDD-8EDE-8B98-4544F4806A42}.Release|Any CPU.ActiveCfg = Release|Any CPU
		{092305B3-BBDD-8EDE-8B98-4544F4806A42}.Release|Any CPU.Build.0 = Release|Any CPU
		{23EFEA9D-57A4-B8A9-CCB1-60E3A6A13AE7}.Debug|Any CPU.ActiveCfg = Debug|Any CPU
		{23EFEA9D-57A4-B8A9-CCB1-60E3A6A13AE7}.Debug|Any CPU.Build.0 = Debug|Any CPU
		{23EFEA9D-57A4-B8A9-CCB1-60E3A6A13AE7}.Release|Any CPU.ActiveCfg = Release|Any CPU
		{23EFEA9D-57A4-B8A9-CCB1-60E3A6A13AE7}.Release|Any CPU.Build.0 = Release|Any CPU
		{CFFE2F66-D202-4C56-B63E-2C351830AF4F}.Debug|Any CPU.ActiveCfg = Debug|Any CPU
		{CFFE2F66-D202-4C56-B63E-2C351830AF4F}.Debug|Any CPU.Build.0 = Debug|Any CPU
		{CFFE2F66-D202-4C56-B63E-2C351830AF4F}.Release|Any CPU.ActiveCfg = Release|Any CPU
		{CFFE2F66-D202-4C56-B63E-2C351830AF4F}.Release|Any CPU.Build.0 = Release|Any CPU
		{DF19908C-6B3E-64C3-67AC-91EA39DE9131}.Debug|Any CPU.ActiveCfg = Debug|Any CPU
		{DF19908C-6B3E-64C3-67AC-91EA39DE9131}.Debug|Any CPU.Build.0 = Debug|Any CPU
		{DF19908C-6B3E-64C3-67AC-91EA39DE9131}.Release|Any CPU.ActiveCfg = Release|Any CPU
		{DF19908C-6B3E-64C3-67AC-91EA39DE9131}.Release|Any CPU.Build.0 = Release|Any CPU
		{ACDEF5FC-CE28-E981-FEE5-AEBAD546AB95}.Debug|Any CPU.ActiveCfg = Debug|Any CPU
		{ACDEF5FC-CE28-E981-FEE5-AEBAD546AB95}.Debug|Any CPU.Build.0 = Debug|Any CPU
		{ACDEF5FC-CE28-E981-FEE5-AEBAD546AB95}.Release|Any CPU.ActiveCfg = Release|Any CPU
		{ACDEF5FC-CE28-E981-FEE5-AEBAD546AB95}.Release|Any CPU.Build.0 = Release|Any CPU
		{9FCEABCF-E425-62F0-948D-DE6A19740360}.Debug|Any CPU.ActiveCfg = Debug|Any CPU
		{9FCEABCF-E425-62F0-948D-DE6A19740360}.Debug|Any CPU.Build.0 = Debug|Any CPU
		{9FCEABCF-E425-62F0-948D-DE6A19740360}.Release|Any CPU.ActiveCfg = Release|Any CPU
		{9FCEABCF-E425-62F0-948D-DE6A19740360}.Release|Any CPU.Build.0 = Release|Any CPU
		{E6393831-98C1-187E-8EF9-1A328B5EFF07}.Debug|Any CPU.ActiveCfg = Debug|Any CPU
		{E6393831-98C1-187E-8EF9-1A328B5EFF07}.Debug|Any CPU.Build.0 = Debug|Any CPU
		{E6393831-98C1-187E-8EF9-1A328B5EFF07}.Release|Any CPU.ActiveCfg = Release|Any CPU
		{E6393831-98C1-187E-8EF9-1A328B5EFF07}.Release|Any CPU.Build.0 = Release|Any CPU
		{5D94A297-203E-4FD3-14F9-52D318941E0C}.Debug|Any CPU.ActiveCfg = Debug|Any CPU
		{5D94A297-203E-4FD3-14F9-52D318941E0C}.Debug|Any CPU.Build.0 = Debug|Any CPU
		{5D94A297-203E-4FD3-14F9-52D318941E0C}.Release|Any CPU.ActiveCfg = Release|Any CPU
		{5D94A297-203E-4FD3-14F9-52D318941E0C}.Release|Any CPU.Build.0 = Release|Any CPU
		{A81A0139-DB92-2F74-EFDB-72A0C57FDB64}.Debug|Any CPU.ActiveCfg = Debug|Any CPU
		{A81A0139-DB92-2F74-EFDB-72A0C57FDB64}.Debug|Any CPU.Build.0 = Debug|Any CPU
		{A81A0139-DB92-2F74-EFDB-72A0C57FDB64}.Release|Any CPU.ActiveCfg = Release|Any CPU
		{A81A0139-DB92-2F74-EFDB-72A0C57FDB64}.Release|Any CPU.Build.0 = Release|Any CPU
		{07082B40-FE89-7CAC-8153-E9226C3B1DD7}.Debug|Any CPU.ActiveCfg = Debug|Any CPU
		{07082B40-FE89-7CAC-8153-E9226C3B1DD7}.Debug|Any CPU.Build.0 = Debug|Any CPU
		{07082B40-FE89-7CAC-8153-E9226C3B1DD7}.Release|Any CPU.ActiveCfg = Release|Any CPU
		{07082B40-FE89-7CAC-8153-E9226C3B1DD7}.Release|Any CPU.Build.0 = Release|Any CPU
	EndGlobalSection
	GlobalSection(SolutionProperties) = preSolution
		HideSolutionNode = FALSE
	EndGlobalSection
EndGlobal
